github.com/hyperized/demod1090 v0.1.0 h1:7rF7BXYaopHxU7jOUsdPDejd6i0h/fA8LSYZFnhYalc=
github.com/hyperized/demod1090 v0.1.0/go.mod h1:Nhlvb2oYT4SqgGS7jEAz/IPzKWwOmIXrfjoPnax6DyE=
github.com/hyperized/modes v0.2.0 h1:zH8r9IJljN0aTDrJja+oCZySYS/EhlwIU4AmL3BetRA=
github.com/hyperized/modes v0.2.0/go.mod h1:91Mi9u5mxZE4QmQTzN6ln29iiUmK9LgrpOGD0XjFKJQ=
github.com/hyperized/rtl2832u v0.2.0 h1:xOxzMex2XrBwtbCZb71HbWIQurG86pab+w75/4aOs7U=
github.com/hyperized/rtl2832u v0.2.0/go.mod h1:E6CsfYxZE3qX6WYbk7WTiykTbr8JpKNpsUCzg1g45UM=
github.com/hyperized/uAirwaves v0.2.0 h1:sJYIANX0SQkGzsvUAA0wTOF4vnEIFc0p1XWHYhuUqYE=
github.com/hyperized/uAirwaves v0.2.0/go.mod h1:LMmfbcT0TV3cGVFurPwUIeArBAn53AQzqn6HoWJXdYE=
github.com/stratoberry/go-gpsd v1.3.0 h1:JxJOEC4SgD0QY65AE7B1CtJtweP73nqJghZeLNU9J+c=
github.com/stratoberry/go-gpsd v1.3.0/go.mod h1:nVf/vTgfYxOMxiQdy9BtJjojbFRtG8H3wNula++VgkU=
golang.org/x/sys v0.45.0 h1:dO4czNzziLiiXplLQgBCEpCvXQ3dnkn0SdaZSYdQ+FY=
golang.org/x/sys v0.45.0/go.mod h1:4GL1E5IUh+htKOUEOaiffhrAeqysfVGipDYzABqnCmw=
